
Microsoft Visual Studio Solution File, Format Version 12.00
# Visual Studio 15
VisualStudioVersion = 15.0.28307.705
MinimumVisualStudioVersion = 10.0.40219.1
Project("{9A19103F-16F7-4668-BE54-9A1E7A4F7556}") = "Api", "Api\Api.csproj", "{76F5B7F8-F14D-4FAB-8C63-9D5ED884BABC}"
EndProject
Project("{9A19103F-16F7-4668-BE54-9A1E7A4F7556}") = "Application.GoogleAuthenticator", "Application.GoogleAuthenticator\Application.GoogleAuthenticator.csproj", "{53E1937B-BD49-4DA0-BE84-D1D84B1C1364}"
EndProject
Project("{9A19103F-16F7-4668-BE54-9A1E7A4F7556}") = "ApplicationQueries", "Application.Queries\ApplicationQueries.csproj", "{EE12C093-463C-48DB-B344-86678948C53B}"
EndProject
Project("{9A19103F-16F7-4668-BE54-9A1E7A4F7556}") = "Domain", "Domain\Domain.csproj", "{6BCB42FA-3E71-42C0-915F-33468B53603B}"
EndProject
Project("{9A19103F-16F7-4668-BE54-9A1E7A4F7556}") = "Notification", "Notification\Notification.csproj", "{0EAE5964-5A42-4206-9662-8F61C98E0C6B}"
EndProject
Project("{9A19103F-16F7-4668-BE54-9A1E7A4F7556}") = "Persistence", "Persistence\Persistence.csproj", "{2D9C1984-7DF7-4355-AB5A-9C0ECAB2EDE8}"
EndProject
Project("{9A19103F-16F7-4668-BE54-9A1E7A4F7556}") = "Application", "Application\Application.csproj", "{D3A29A49-3CF4-46BC-9048-D174A17ED9DA}"
EndProject
Project("{2150E333-8FDC-42A3-9474-1A3956D46DE8}") = "Tests", "Tests", "{C6F1F983-E09C-475F-85C1-8D430617A1B1}"
EndProject
Project("{FAE04EC0-301F-11D3-BF4B-00C04F79EFBC}") = "TraningAppTests", "TraningAppTests\TraningAppTests.csproj", "{86B02DC1-A86B-4AC8-8612-14AE0FC26872}"
EndProject
Global
	GlobalSection(SolutionConfigurationPlatforms) = preSolution
		Debug|Any CPU = Debug|Any CPU
		Release|Any CPU = Release|Any CPU
	EndGlobalSection
	GlobalSection(ProjectConfigurationPlatforms) = postSolution
		{76F5B7F8-F14D-4FAB-8C63-9D5ED884BABC}.Debug|Any CPU.ActiveCfg = Debug|Any CPU
		{76F5B7F8-F14D-4FAB-8C63-9D5ED884BABC}.Debug|Any CPU.Build.0 = Debug|Any CPU
		{76F5B7F8-F14D-4FAB-8C63-9D5ED884BABC}.Release|Any CPU.ActiveCfg = Release|Any CPU
		{76F5B7F8-F14D-4FAB-8C63-9D5ED884BABC}.Release|Any CPU.Build.0 = Release|Any CPU
		{53E1937B-BD49-4DA0-BE84-D1D84B1C1364}.Debug|Any CPU.ActiveCfg = Debug|Any CPU
		{53E1937B-BD49-4DA0-BE84-D1D84B1C1364}.Debug|Any CPU.Build.0 = Debug|Any CPU
		{53E1937B-BD49-4DA0-BE84-D1D84B1C1364}.Release|Any CPU.ActiveCfg = Release|Any CPU
		{53E1937B-BD49-4DA0-BE84-D1D84B1C1364}.Release|Any CPU.Build.0 = Release|Any CPU
		{EE12C093-463C-48DB-B344-86678948C53B}.Debug|Any CPU.ActiveCfg = Debug|Any CPU
		{EE12C093-463C-48DB-B344-86678948C53B}.Debug|Any CPU.Build.0 = Debug|Any CPU
		{EE12C093-463C-48DB-B344-86678948C53B}.Release|Any CPU.ActiveCfg = Release|Any CPU
		{EE12C093-463C-48DB-B344-86678948C53B}.Release|Any CPU.Build.0 = Release|Any CPU
		{6BCB42FA-3E71-42C0-915F-33468B53603B}.Debug|Any CPU.ActiveCfg = Debug|Any CPU
		{6BCB42FA-3E71-42C0-915F-33468B53603B}.Debug|Any CPU.Build.0 = Debug|Any CPU
		{6BCB42FA-3E71-42C0-915F-33468B53603B}.Release|Any CPU.ActiveCfg = Release|Any CPU
		{6BCB42FA-3E71-42C0-915F-33468B53603B}.Release|Any CPU.Build.0 = Release|Any CPU
		{0EAE5964-5A42-4206-9662-8F61C98E0C6B}.Debug|Any CPU.ActiveCfg = Debug|Any CPU
		{0EAE5964-5A42-4206-9662-8F61C98E0C6B}.Debug|Any CPU.Build.0 = Debug|Any CPU
		{0EAE5964-5A42-4206-9662-8F61C98E0C6B}.Release|Any CPU.ActiveCfg = Release|Any CPU
		{0EAE5964-5A42-4206-9662-8F61C98E0C6B}.Release|Any CPU.Build.0 = Release|Any CPU
		{2D9C1984-7DF7-4355-AB5A-9C0ECAB2EDE8}.Debug|Any CPU.ActiveCfg = Debug|Any CPU
		{2D9C1984-7DF7-4355-AB5A-9C0ECAB2EDE8}.Debug|Any CPU.Build.0 = Debug|Any CPU
		{2D9C1984-7DF7-4355-AB5A-9C0ECAB2EDE8}.Release|Any CPU.ActiveCfg = Release|Any CPU
		{2D9C1984-7DF7-4355-AB5A-9C0ECAB2EDE8}.Release|Any CPU.Build.0 = Release|Any CPU
		{D3A29A49-3CF4-46BC-9048-D174A17ED9DA}.Debug|Any CPU.ActiveCfg = Debug|Any CPU
		{D3A29A49-3CF4-46BC-9048-D174A17ED9DA}.Debug|Any CPU.Build.0 = Debug|Any CPU
		{D3A29A49-3CF4-46BC-9048-D174A17ED9DA}.Release|Any CPU.ActiveCfg = Release|Any CPU
		{D3A29A49-3CF4-46BC-9048-D174A17ED9DA}.Release|Any CPU.Build.0 = Release|Any CPU
		{86B02DC1-A86B-4AC8-8612-14AE0FC26872}.Debug|Any CPU.ActiveCfg = Debug|Any CPU
		{86B02DC1-A86B-4AC8-8612-14AE0FC26872}.Debug|Any CPU.Build.0 = Debug|Any CPU
		{86B02DC1-A86B-4AC8-8612-14AE0FC26872}.Release|Any CPU.ActiveCfg = Release|Any CPU
		{86B02DC1-A86B-4AC8-8612-14AE0FC26872}.Release|Any CPU.Build.0 = Release|Any CPU
	EndGlobalSection
	GlobalSection(SolutionProperties) = preSolution
		HideSolutionNode = FALSE
	EndGlobalSection
	GlobalSection(NestedProjects) = preSolution
		{86B02DC1-A86B-4AC8-8612-14AE0FC26872} = {C6F1F983-E09C-475F-85C1-8D430617A1B1}
	EndGlobalSection
	GlobalSection(ExtensibilityGlobals) = postSolution
		SolutionGuid = {4917BB42-5A58-4751-8C8F-DC3898E089CF}
	EndGlobalSection
EndGlobal
